
Microsoft Visual Studio Solution File, Format Version 12.00
Project("{FAE04EC0-301F-11D3-BF4B-00C04F79EFBC}") = "Hid.Checkpoint.Api", "src\Hid.Checkpoint.Api\Hid.Checkpoint.Api.csproj", "{545AC859-B857-44B2-B2D0-CF915831CF71}"
EndProject
Project("{FAE04EC0-301F-11D3-BF4B-00C04F79EFBC}") = "Hid.Checkpoint.Common", "src\Hid.Checkpoint.Common\Hid.Checkpoint.Common.csproj", "{5F869CF0-9FC2-4409-90BE-88DD49572159}"
EndProject
Project("{FAE04EC0-301F-11D3-BF4B-00C04F79EFBC}") = "Hid.Checkpoint.Domain", "src\Hid.Checkpoint.Domain\Hid.Checkpoint.Domain.csproj", "{A4A07CB1-FB74-4F57-AA5D-38808A77D162}"
EndProject
Project("{FAE04EC0-301F-11D3-BF4B-00C04F79EFBC}") = "Hid.Checkpoint.DataAccess.Ef", "src\Hid.Checkpoint.DataAccess.Ef\Hid.Checkpoint.DataAccess.Ef.csproj", "{8A7E5B79-FC2A-4A6B-A18C-EE0AC6F1BF3A}"
EndProject
Project("{FAE04EC0-301F-11D3-BF4B-00C04F79EFBC}") = "Hid.Checkpoint.Business", "src\Hid.Checkpoint.Business\Hid.Checkpoint.Business.csproj", "{B72F1465-0411-451E-9CE2-2ACCCC3EA9BE}"
EndProject
Project("{FAE04EC0-301F-11D3-BF4B-00C04F79EFBC}") = "Hid.Checkpoint.MediatR", "src\Hid.Checkpoint.MediatR\Hid.Checkpoint.MediatR.csproj", "{D0B01C96-7B58-4B24-A7B8-4354C0FD609B}"
EndProject
Project("{2150E333-8FDC-42A3-9474-1A3956D46DE8}") = "Audit", "Audit", "{F824772C-1B8E-4565-BDD5-939898E18363}"
EndProject
Project("{FAE04EC0-301F-11D3-BF4B-00C04F79EFBC}") = "Hid.Checkpoint.Audit.Abstractions", "src\Hid.Checkpoint.Audit.Abstractions\Hid.Checkpoint.Audit.Abstractions.csproj", "{C16119AF-11BC-4849-AE98-59DAFC1ADFB0}"
EndProject
Project("{FAE04EC0-301F-11D3-BF4B-00C04F79EFBC}") = "Hid.Checkpoint.Audit.DataAccess", "src\Hid.Checkpoint.Audit.DataAccess\Hid.Checkpoint.Audit.DataAccess.csproj", "{896AD80A-4289-41D5-B1CA-0D95497BB9A6}"
EndProject
Project("{FAE04EC0-301F-11D3-BF4B-00C04F79EFBC}") = "Hid.Checkpoint.Audit", "src\Hid.Checkpoint.Audit\Hid.Checkpoint.Audit.csproj", "{BED52B21-672F-4E68-A4FA-FABFF4072F30}"
EndProject
Project("{2150E333-8FDC-42A3-9474-1A3956D46DE8}") = "Identity", "Identity", "{C0C9A41B-C488-4328-9D72-2B03803CE26B}"
EndProject
Project("{FAE04EC0-301F-11D3-BF4B-00C04F79EFBC}") = "Hid.Identity.Common", "src\Hid.Identity.Common\Hid.Identity.Common.csproj", "{D77402DB-4A53-4BA9-91C9-A1F0C8E43D26}"
EndProject
Project("{FAE04EC0-301F-11D3-BF4B-00C04F79EFBC}") = "Hid.Identity.Domain", "src\Hid.Identity.Domain\Hid.Identity.Domain.csproj", "{365D0665-3273-4140-8EC3-381EA2F1C060}"
EndProject
Project("{FAE04EC0-301F-11D3-BF4B-00C04F79EFBC}") = "Hid.Identity.DataAccess.Ef", "src\Hid.Identity.DataAccess.Ef\Hid.Identity.DataAccess.Ef.csproj", "{AED95BA3-ADD6-4895-9ADC-19495A213350}"
EndProject
Project("{FAE04EC0-301F-11D3-BF4B-00C04F79EFBC}") = "Hid.Identity.Business", "src\Hid.Identity.Business\Hid.Identity.Business.csproj", "{3DC29EED-CB7D-4367-88FA-6BE65F7F14F6}"
EndProject
Project("{2150E333-8FDC-42A3-9474-1A3956D46DE8}") = "Shared", "Shared", "{A41D5D68-C233-44FE-9FB7-B4413BBF67B5}"
EndProject
Project("{FAE04EC0-301F-11D3-BF4B-00C04F79EFBC}") = "Hid.Checkpoint.Caching", "src\Hid.Checkpoint.Caching\Hid.Checkpoint.Caching.csproj", "{6711BCBC-CE25-4C20-AF17-6A2D6FFB5087}"
EndProject
Project("{FAE04EC0-301F-11D3-BF4B-00C04F79EFBC}") = "Hid.Identity.Client", "src\Hid.Identity.Client\Hid.Identity.Client.csproj", "{9E077CA1-0D09-4097-BAF2-113407FE5E86}"
EndProject
Project("{FAE04EC0-301F-11D3-BF4B-00C04F79EFBC}") = "Hid.CheckPoint.Shared", "src\Hid.CheckPoint.Shared\Hid.CheckPoint.Shared.csproj", "{46FAB0AC-CF4A-49F1-8F17-F8AFD32235E5}"
EndProject
Project("{FAE04EC0-301F-11D3-BF4B-00C04F79EFBC}") = "Hid.Shared.Result.Mvc.Core.Response", "src\Hid.Shared.Result.Mvc.Core.Response\Hid.Shared.Result.Mvc.Core.Response.csproj", "{D705AE86-3109-430E-B031-F34A19463DA0}"
EndProject
Project("{FAE04EC0-301F-11D3-BF4B-00C04F79EFBC}") = "Hid.Shared.Ef", "src\Hid.Shared.Ef\Hid.Shared.Ef.csproj", "{6223FC27-1812-45F5-914E-8D550DDC520D}"
EndProject
Global
	GlobalSection(SolutionConfigurationPlatforms) = preSolution
		Debug|Any CPU = Debug|Any CPU
		Release|Any CPU = Release|Any CPU
	EndGlobalSection
	GlobalSection(ProjectConfigurationPlatforms) = postSolution
		{545AC859-B857-44B2-B2D0-CF915831CF71}.Debug|Any CPU.ActiveCfg = Debug|Any CPU
		{545AC859-B857-44B2-B2D0-CF915831CF71}.Debug|Any CPU.Build.0 = Debug|Any CPU
		{545AC859-B857-44B2-B2D0-CF915831CF71}.Release|Any CPU.ActiveCfg = Release|Any CPU
		{545AC859-B857-44B2-B2D0-CF915831CF71}.Release|Any CPU.Build.0 = Release|Any CPU
		{5F869CF0-9FC2-4409-90BE-88DD49572159}.Debug|Any CPU.ActiveCfg = Debug|Any CPU
		{5F869CF0-9FC2-4409-90BE-88DD49572159}.Debug|Any CPU.Build.0 = Debug|Any CPU
		{5F869CF0-9FC2-4409-90BE-88DD49572159}.Release|Any CPU.ActiveCfg = Release|Any CPU
		{5F869CF0-9FC2-4409-90BE-88DD49572159}.Release|Any CPU.Build.0 = Release|Any CPU
		{A4A07CB1-FB74-4F57-AA5D-38808A77D162}.Debug|Any CPU.ActiveCfg = Debug|Any CPU
		{A4A07CB1-FB74-4F57-AA5D-38808A77D162}.Debug|Any CPU.Build.0 = Debug|Any CPU
		{A4A07CB1-FB74-4F57-AA5D-38808A77D162}.Release|Any CPU.ActiveCfg = Release|Any CPU
		{A4A07CB1-FB74-4F57-AA5D-38808A77D162}.Release|Any CPU.Build.0 = Release|Any CPU
		{8A7E5B79-FC2A-4A6B-A18C-EE0AC6F1BF3A}.Debug|Any CPU.ActiveCfg = Debug|Any CPU
		{8A7E5B79-FC2A-4A6B-A18C-EE0AC6F1BF3A}.Debug|Any CPU.Build.0 = Debug|Any CPU
		{8A7E5B79-FC2A-4A6B-A18C-EE0AC6F1BF3A}.Release|Any CPU.ActiveCfg = Release|Any CPU
		{8A7E5B79-FC2A-4A6B-A18C-EE0AC6F1BF3A}.Release|Any CPU.Build.0 = Release|Any CPU
		{B72F1465-0411-451E-9CE2-2ACCCC3EA9BE}.Debug|Any CPU.ActiveCfg = Debug|Any CPU
		{B72F1465-0411-451E-9CE2-2ACCCC3EA9BE}.Debug|Any CPU.Build.0 = Debug|Any CPU
		{B72F1465-0411-451E-9CE2-2ACCCC3EA9BE}.Release|Any CPU.ActiveCfg = Release|Any CPU
		{B72F1465-0411-451E-9CE2-2ACCCC3EA9BE}.Release|Any CPU.Build.0 = Release|Any CPU
		{D0B01C96-7B58-4B24-A7B8-4354C0FD609B}.Debug|Any CPU.ActiveCfg = Debug|Any CPU
		{D0B01C96-7B58-4B24-A7B8-4354C0FD609B}.Debug|Any CPU.Build.0 = Debug|Any CPU
		{D0B01C96-7B58-4B24-A7B8-4354C0FD609B}.Release|Any CPU.ActiveCfg = Release|Any CPU
		{D0B01C96-7B58-4B24-A7B8-4354C0FD609B}.Release|Any CPU.Build.0 = Release|Any CPU
		{C16119AF-11BC-4849-AE98-59DAFC1ADFB0}.Debug|Any CPU.ActiveCfg = Debug|Any CPU
		{C16119AF-11BC-4849-AE98-59DAFC1ADFB0}.Debug|Any CPU.Build.0 = Debug|Any CPU
		{C16119AF-11BC-4849-AE98-59DAFC1ADFB0}.Release|Any CPU.ActiveCfg = Release|Any CPU
		{C16119AF-11BC-4849-AE98-59DAFC1ADFB0}.Release|Any CPU.Build.0 = Release|Any CPU
		{896AD80A-4289-41D5-B1CA-0D95497BB9A6}.Debug|Any CPU.ActiveCfg = Debug|Any CPU
		{896AD80A-4289-41D5-B1CA-0D95497BB9A6}.Debug|Any CPU.Build.0 = Debug|Any CPU
		{896AD80A-4289-41D5-B1CA-0D95497BB9A6}.Release|Any CPU.ActiveCfg = Release|Any CPU
		{896AD80A-4289-41D5-B1CA-0D95497BB9A6}.Release|Any CPU.Build.0 = Release|Any CPU
		{BED52B21-672F-4E68-A4FA-FABFF4072F30}.Debug|Any CPU.ActiveCfg = Debug|Any CPU
		{BED52B21-672F-4E68-A4FA-FABFF4072F30}.Debug|Any CPU.Build.0 = Debug|Any CPU
		{BED52B21-672F-4E68-A4FA-FABFF4072F30}.Release|Any CPU.ActiveCfg = Release|Any CPU
		{BED52B21-672F-4E68-A4FA-FABFF4072F30}.Release|Any CPU.Build.0 = Release|Any CPU
		{D77402DB-4A53-4BA9-91C9-A1F0C8E43D26}.Debug|Any CPU.ActiveCfg = Debug|Any CPU
		{D77402DB-4A53-4BA9-91C9-A1F0C8E43D26}.Debug|Any CPU.Build.0 = Debug|Any CPU
		{D77402DB-4A53-4BA9-91C9-A1F0C8E43D26}.Release|Any CPU.ActiveCfg = Release|Any CPU
		{D77402DB-4A53-4BA9-91C9-A1F0C8E43D26}.Release|Any CPU.Build.0 = Release|Any CPU
		{365D0665-3273-4140-8EC3-381EA2F1C060}.Debug|Any CPU.ActiveCfg = Debug|Any CPU
		{365D0665-3273-4140-8EC3-381EA2F1C060}.Debug|Any CPU.Build.0 = Debug|Any CPU
		{365D0665-3273-4140-8EC3-381EA2F1C060}.Release|Any CPU.ActiveCfg = Release|Any CPU
		{365D0665-3273-4140-8EC3-381EA2F1C060}.Release|Any CPU.Build.0 = Release|Any CPU
		{AED95BA3-ADD6-4895-9ADC-19495A213350}.Debug|Any CPU.ActiveCfg = Debug|Any CPU
		{AED95BA3-ADD6-4895-9ADC-19495A213350}.Debug|Any CPU.Build.0 = Debug|Any CPU
		{AED95BA3-ADD6-4895-9ADC-19495A213350}.Release|Any CPU.ActiveCfg = Release|Any CPU
		{AED95BA3-ADD6-4895-9ADC-19495A213350}.Release|Any CPU.Build.0 = Release|Any CPU
		{3DC29EED-CB7D-4367-88FA-6BE65F7F14F6}.Debug|Any CPU.ActiveCfg = Debug|Any CPU
		{3DC29EED-CB7D-4367-88FA-6BE65F7F14F6}.Debug|Any CPU.Build.0 = Debug|Any CPU
		{3DC29EED-CB7D-4367-88FA-6BE65F7F14F6}.Release|Any CPU.ActiveCfg = Release|Any CPU
		{3DC29EED-CB7D-4367-88FA-6BE65F7F14F6}.Release|Any CPU.Build.0 = Release|Any CPU
		{6711BCBC-CE25-4C20-AF17-6A2D6FFB5087}.Debug|Any CPU.ActiveCfg = Debug|Any CPU
		{6711BCBC-CE25-4C20-AF17-6A2D6FFB5087}.Debug|Any CPU.Build.0 = Debug|Any CPU
		{6711BCBC-CE25-4C20-AF17-6A2D6FFB5087}.Release|Any CPU.ActiveCfg = Release|Any CPU
		{6711BCBC-CE25-4C20-AF17-6A2D6FFB5087}.Release|Any CPU.Build.0 = Release|Any CPU
		{9E077CA1-0D09-4097-BAF2-113407FE5E86}.Debug|Any CPU.ActiveCfg = Debug|Any CPU
		{9E077CA1-0D09-4097-BAF2-113407FE5E86}.Debug|Any CPU.Build.0 = Debug|Any CPU
		{9E077CA1-0D09-4097-BAF2-113407FE5E86}.Release|Any CPU.ActiveCfg = Release|Any CPU
		{9E077CA1-0D09-4097-BAF2-113407FE5E86}.Release|Any CPU.Build.0 = Release|Any CPU
		{46FAB0AC-CF4A-49F1-8F17-F8AFD32235E5}.Debug|Any CPU.ActiveCfg = Debug|Any CPU
		{46FAB0AC-CF4A-49F1-8F17-F8AFD32235E5}.Debug|Any CPU.Build.0 = Debug|Any CPU
		{46FAB0AC-CF4A-49F1-8F17-F8AFD32235E5}.Release|Any CPU.ActiveCfg = Release|Any CPU
		{46FAB0AC-CF4A-49F1-8F17-F8AFD32235E5}.Release|Any CPU.Build.0 = Release|Any CPU
		{D705AE86-3109-430E-B031-F34A19463DA0}.Debug|Any CPU.ActiveCfg = Debug|Any CPU
		{D705AE86-3109-430E-B031-F34A19463DA0}.Debug|Any CPU.Build.0 = Debug|Any CPU
		{D705AE86-3109-430E-B031-F34A19463DA0}.Release|Any CPU.ActiveCfg = Release|Any CPU
		{D705AE86-3109-430E-B031-F34A19463DA0}.Release|Any CPU.Build.0 = Release|Any CPU
		{6223FC27-1812-45F5-914E-8D550DDC520D}.Debug|Any CPU.ActiveCfg = Debug|Any CPU
		{6223FC27-1812-45F5-914E-8D550DDC520D}.Debug|Any CPU.Build.0 = Debug|Any CPU
		{6223FC27-1812-45F5-914E-8D550DDC520D}.Release|Any CPU.ActiveCfg = Release|Any CPU
		{6223FC27-1812-45F5-914E-8D550DDC520D}.Release|Any CPU.Build.0 = Release|Any CPU
	EndGlobalSection
	GlobalSection(NestedProjects) = preSolution
		{C16119AF-11BC-4849-AE98-59DAFC1ADFB0} = {F824772C-1B8E-4565-BDD5-939898E18363}
		{896AD80A-4289-41D5-B1CA-0D95497BB9A6} = {F824772C-1B8E-4565-BDD5-939898E18363}
		{BED52B21-672F-4E68-A4FA-FABFF4072F30} = {F824772C-1B8E-4565-BDD5-939898E18363}
		{D77402DB-4A53-4BA9-91C9-A1F0C8E43D26} = {C0C9A41B-C488-4328-9D72-2B03803CE26B}
		{365D0665-3273-4140-8EC3-381EA2F1C060} = {C0C9A41B-C488-4328-9D72-2B03803CE26B}
		{AED95BA3-ADD6-4895-9ADC-19495A213350} = {C0C9A41B-C488-4328-9D72-2B03803CE26B}
		{3DC29EED-CB7D-4367-88FA-6BE65F7F14F6} = {C0C9A41B-C488-4328-9D72-2B03803CE26B}
		{6711BCBC-CE25-4C20-AF17-6A2D6FFB5087} = {A41D5D68-C233-44FE-9FB7-B4413BBF67B5}
		{D0B01C96-7B58-4B24-A7B8-4354C0FD609B} = {A41D5D68-C233-44FE-9FB7-B4413BBF67B5}
		{9E077CA1-0D09-4097-BAF2-113407FE5E86} = {C0C9A41B-C488-4328-9D72-2B03803CE26B}
		{46FAB0AC-CF4A-49F1-8F17-F8AFD32235E5} = {A41D5D68-C233-44FE-9FB7-B4413BBF67B5}
		{D705AE86-3109-430E-B031-F34A19463DA0} = {A41D5D68-C233-44FE-9FB7-B4413BBF67B5}
		{6223FC27-1812-45F5-914E-8D550DDC520D} = {A41D5D68-C233-44FE-9FB7-B4413BBF67B5}
	EndGlobalSection
EndGlobal
